
Microsoft Visual Studio Solution File, Format Version 12.00
# Visual Studio Version 17
VisualStudioVersion = 17.1.32228.430
MinimumVisualStudioVersion = 10.0.40219.1
Project("{FAE04EC0-301F-11D3-BF4B-00C04F79EFBC}") = "TaskbarCanvasWidget", "TaskbarCanvasWidget.csproj", "{BDADFC10-17D0-4D1A-88EB-BDEFE75EFDDE}"
EndProject
Global
	GlobalSection(SolutionConfigurationPlatforms) = preSolution
		Debug|ARM = Debug|ARM
		Debug|ARM64 = Debug|ARM64
		Debug|x64 = Debug|x64
		Debug|x86 = Debug|x86
		Release|ARM = Release|ARM
		Release|ARM64 = Release|ARM64
		Release|x64 = Release|x64
		Release|x86 = Release|x86
	EndGlobalSection
	GlobalSection(ProjectConfigurationPlatforms) = postSolution
		{BDADFC10-17D0-4D1A-88EB-BDEFE75EFDDE}.Debug|ARM.ActiveCfg = Debug|ARM
		{BDADFC10-17D0-4D1A-88EB-BDEFE75EFDDE}.Debug|ARM.Build.0 = Debug|ARM
		{BDADFC10-17D0-4D1A-88EB-BDEFE75EFDDE}.Debug|ARM.Deploy.0 = Debug|ARM
		{BDADFC10-17D0-4D1A-88EB-BDEFE75EFDDE}.Debug|ARM64.ActiveCfg = Debug|ARM64
		{BDADFC10-17D0-4D1A-88EB-BDEFE75EFDDE}.Debug|ARM64.Build.0 = Debug|ARM64
		{BDADFC10-17D0-4D1A-88EB-BDEFE75EFDDE}.Debug|ARM64.Deploy.0 = Debug|ARM64
		{BDADFC10-17D0-4D1A-88EB-BDEFE75EFDDE}.Debug|x64.ActiveCfg = Debug|x64
		{BDADFC10-17D0-4D1A-88EB-BDEFE75EFDDE}.Debug|x64.Build.0 = Debug|x64
		{BDADFC10-17D0-4D1A-88EB-BDEFE75EFDDE}.Debug|x64.Deploy.0 = Debug|x64
		{BDADFC10-17D0-4D1A-88EB-BDEFE75EFDDE}.Debug|x86.ActiveCfg = Debug|x86
		{BDADFC10-17D0-4D1A-88EB-BDEFE75EFDDE}.Debug|x86.Build.0 = Debug|x86
		{BDADFC10-17D0-4D1A-88EB-BDEFE75EFDDE}.Debug|x86.Deploy.0 = Debug|x86
		{BDADFC10-17D0-4D1A-88EB-BDEFE75EFDDE}.Release|ARM.ActiveCfg = Release|ARM
		{BDADFC10-17D0-4D1A-88EB-BDEFE75EFDDE}.Release|ARM.Build.0 = Release|ARM
		{BDADFC10-17D0-4D1A-88EB-BDEFE75EFDDE}.Release|ARM.Deploy.0 = Release|ARM
		{BDADFC10-17D0-4D1A-88EB-BDEFE75EFDDE}.Release|ARM64.ActiveCfg = Release|ARM64
		{BDADFC10-17D0-4D1A-88EB-BDEFE75EFDDE}.Release|ARM64.Build.0 = Release|ARM64
		{BDADFC10-17D0-4D1A-88EB-BDEFE75EFDDE}.Release|ARM64.Deploy.0 = Release|ARM64
		{BDADFC10-17D0-4D1A-88EB-BDEFE75EFDDE}.Release|x64.ActiveCfg = Release|x64
		{BDADFC10-17D0-4D1A-88EB-BDEFE75EFDDE}.Release|x64.Build.0 = Release|x64
		{BDADFC10-17D0-4D1A-88EB-BDEFE75EFDDE}.Release|x64.Deploy.0 = Release|x64
		{BDADFC10-17D0-4D1A-88EB-BDEFE75EFDDE}.Release|x86.ActiveCfg = Release|x86
		{BDADFC10-17D0-4D1A-88EB-BDEFE75EFDDE}.Release|x86.Build.0 = Release|x86
		{BDADFC10-17D0-4D1A-88EB-BDEFE75EFDDE}.Release|x86.Deploy.0 = Release|x86
	EndGlobalSection
	GlobalSection(SolutionProperties) = preSolution
		HideSolutionNode = FALSE
	EndGlobalSection
	GlobalSection(ExtensibilityGlobals) = postSolution
		SolutionGuid = {AABD9B2F-DADF-4A2A-8EA2-2B4EB57B066D}
	EndGlobalSection
EndGlobal
